# This file is autogenerated, do not edit; changes may be undone by the next 'dep ensure'.


[[projects]]
  name = "github.com/BurntSushi/toml"
  packages = ["."]
  revision = "b26d9c308763d68093482582cea63d69be07a0f0"
  version = "v0.3.0"

[[projects]]
  branch = "master"
  name = "github.com/bingoohuang/go-utils"
  packages = ["."]
  revision = "83db5a24d5e8641b092a520e576784d8df4804ba"

[[projects]]
  branch = "master"
  name = "github.com/lunny/log"
  packages = ["."]
  revision = "7887c61bf0de75586961948b286be6f7d05d9f58"

[[projects]]
  name = "github.com/pelletier/go-toml"
  packages = ["."]
  revision = "acdc4509485b587f5e675510c4f2c63e90ff68a8"
  version = "v1.1.0"

[[projects]]
  branch = "master"
  name = "github.com/skratchdot/open-golang"
  packages = ["open"]
  revision = "75fb7ed4208cf72d323d7d02fd1a5964a7a9073c"

[[projects]]
  name = "github.com/tdewolff/minify"
  packages = [
    ".",
    "css",
    "html",
    "js"
  ]
  revision = "222672169d634c440a73abc47685074e1a9daa60"
  version = "v2.3.4"

[[projects]]
  name = "github.com/tdewolff/parse"
  packages = [
    ".",
    "buffer",
    "css",
    "html",
    "js",
    "strconv"
  ]
  revision = "639f6272aec6b52094db77b9ec488214b0b4b1a1"
  version = "v2.3.2"

[solve-meta]
  analyzer-name = "dep"
  analyzer-version = 1
  inputs-digest = "eb3a778e03ded2175c953847dc30ec650e915da2c9998ce8ec391bed83a6032b"
  solver-name = "gps-cdcl"
  solver-version = 1
